
Microsoft Visual Studio Solution File, Format Version 12.00
# Visual Studio 15
VisualStudioVersion = 15.0.28010.2016
MinimumVisualStudioVersion = 10.0.40219.1
Project("{9A19103F-16F7-4668-BE54-9A1E7A4F7556}") = "EndpointB", "Endpoint\EndpointB.csproj", "{209FC13A-E9D6-4D04-999C-BB9AE5A3618C}"
EndProject
Global
	GlobalSection(SolutionConfigurationPlatforms) = preSolution
		Debug|Any CPU = Debug|Any CPU
		Release|Any CPU = Release|Any CPU
	EndGlobalSection
	GlobalSection(ProjectConfigurationPlatforms) = postSolution
		{209FC13A-E9D6-4D04-999C-BB9AE5A3618C}.Debug|Any CPU.ActiveCfg = Debug|Any CPU
		{209FC13A-E9D6-4D04-999C-BB9AE5A3618C}.Debug|Any CPU.Build.0 = Debug|Any CPU
		{209FC13A-E9D6-4D04-999C-BB9AE5A3618C}.Release|Any CPU.ActiveCfg = Release|Any CPU
		{209FC13A-E9D6-4D04-999C-BB9AE5A3618C}.Release|Any CPU.Build.0 = Release|Any CPU
	EndGlobalSection
	GlobalSection(SolutionProperties) = preSolution
		HideSolutionNode = FALSE
	EndGlobalSection
	GlobalSection(ExtensibilityGlobals) = postSolution
		SolutionGuid = {E904BA3B-D730-4A8E-BFCC-FE2D7AE0D2C3}
	EndGlobalSection
EndGlobal
